{
  "requires": true,
  "lockfileVersion": 1,
  "dependencies": {
    "@babel/runtime": {
      "version": "7.17.8",
      "resolved": "https://registry.npmjs.org/@babel/runtime/-/runtime-7.17.8.tgz",
      "integrity": "sha512-dQpEpK0O9o6lj6oPu0gRDbbnk+4LeHlNcBpspf6Olzt3GIX4P1lWF1gS+pHLDFlaJvbR6q7jCfQ08zA4QJBnmA==",
      "requires": {
        "regenerator-runtime": "^0.13.4"
      }
    },
    "@emotion/hash": {
      "version": "0.8.0",
      "resolved": "https://registry.npmjs.org/@emotion/hash/-/hash-0.8.0.tgz",
      "integrity": "sha512-kBJtf7PH6aWwZ6fka3zQ0p6SBYzx4fl1LoZXE2RrnYST9Xljm7WfKJrU4g/Xr3Beg72MLrp1AWNUmuYJTL7Cow=="
    },
    "@material-ui/core": {
      "version": "4.12.3",
      "resolved": "https://registry.npmjs.org/@material-ui/core/-/core-4.12.3.tgz",
      "integrity": "sha512-sdpgI/PL56QVsEJldwEe4FFaFTLUqN+rd7sSZiRCdx2E/C7z5yK0y/khAWVBH24tXwto7I1hCzNWfJGZIYJKnw==",
      "requires": {
        "@babel/runtime": "^7.4.4",
        "@material-ui/styles": "^4.11.4",
        "@material-ui/system": "^4.12.1",
        "@material-ui/types": "5.1.0",
        "@material-ui/utils": "^4.11.2",
        "@types/react-transition-group": "^4.2.0",
        "clsx": "^1.0.4",
        "hoist-non-react-statics": "^3.3.2",
        "popper.js": "1.16.1-lts",
        "prop-types": "^15.7.2",
        "react-is": "^16.8.0 || ^17.0.0",
        "react-transition-group": "^4.4.0"
      }
    },
    "@material-ui/icons": {
      "version": "4.11.2",
      "resolved": "https://registry.npmjs.org/@material-ui/icons/-/icons-4.11.2.tgz",
      "integrity": "sha512-fQNsKX2TxBmqIGJCSi3tGTO/gZ+eJgWmMJkgDiOfyNaunNaxcklJQFaFogYcFl0qFuaEz1qaXYXboa/bUXVSOQ==",
      "requires": {
        "@babel/runtime": "^7.4.4"
      }
    },
    "@material-ui/styles": {
      "version": "4.11.4",
      "resolved": "https://registry.npmjs.org/@material-ui/styles/-/styles-4.11.4.tgz",
      "integrity": "sha512-KNTIZcnj/zprG5LW0Sao7zw+yG3O35pviHzejMdcSGCdWbiO8qzRgOYL8JAxAsWBKOKYwVZxXtHWaB5T2Kvxew==",
      "requires": {
        "@babel/runtime": "^7.4.4",
        "@emotion/hash": "^0.8.0",
        "@material-ui/types": "5.1.0",
        "@material-ui/utils": "^4.11.2",
        "clsx": "^1.0.4",
        "csstype": "^2.5.2",
        "hoist-non-react-statics": "^3.3.2",
        "jss": "^10.5.1",
        "jss-plugin-camel-case": "^10.5.1",
        "jss-plugin-default-unit": "^10.5.1",
        "jss-plugin-global": "^10.5.1",
        "jss-plugin-nested": "^10.5.1",
        "jss-plugin-props-sort": "^10.5.1",
        "jss-plugin-rule-value-function": "^10.5.1",
        "jss-plugin-vendor-prefixer": "^10.5.1",
        "prop-types": "^15.7.2"
      },
      "dependencies": {
        "csstype": {
          "version": "2.6.20",
          "resolved": "https://registry.npmjs.org/csstype/-/csstype-2.6.20.tgz",
          "integrity": "sha512-/WwNkdXfckNgw6S5R125rrW8ez139lBHWouiBvX8dfMFtcn6V81REDqnH7+CRpRipfYlyU1CmOnOxrmGcFOjeA=="
        }
      }
    },
    "@material-ui/system": {
      "version": "4.12.1",
      "resolved": "https://registry.npmjs.org/@material-ui/system/-/system-4.12.1.tgz",
      "integrity": "sha512-lUdzs4q9kEXZGhbN7BptyiS1rLNHe6kG9o8Y307HCvF4sQxbCgpL2qi+gUk+yI8a2DNk48gISEQxoxpgph0xIw==",
      "requires": {
        "@babel/runtime": "^7.4.4",
        "@material-ui/utils": "^4.11.2",
        "csstype": "^2.5.2",
        "prop-types": "^15.7.2"
      },
      "dependencies": {
        "csstype": {
          "version": "2.6.20",
          "resolved": "https://registry.npmjs.org/csstype/-/csstype-2.6.20.tgz",
          "integrity": "sha512-/WwNkdXfckNgw6S5R125rrW8ez139lBHWouiBvX8dfMFtcn6V81REDqnH7+CRpRipfYlyU1CmOnOxrmGcFOjeA=="
        }
      }
    },
    "@material-ui/types": {
      "version": "5.1.0",
      "resolved": "https://registry.npmjs.org/@material-ui/types/-/types-5.1.0.tgz",
      "integrity": "sha512-7cqRjrY50b8QzRSYyhSpx4WRw2YuO0KKIGQEVk5J8uoz2BanawykgZGoWEqKm7pVIbzFDN0SpPcVV4IhOFkl8A=="
    },
    "@material-ui/utils": {
      "version": "4.11.2",
      "resolved": "https://registry.npmjs.org/@material-ui/utils/-/utils-4.11.2.tgz",
      "integrity": "sha512-Uul8w38u+PICe2Fg2pDKCaIG7kOyhowZ9vjiC1FsVwPABTW8vPPKfF6OvxRq3IiBaI1faOJmgdvMG7rMJARBhA==",
      "requires": {
        "@babel/runtime": "^7.4.4",
        "prop-types": "^15.7.2",
        "react-is": "^16.8.0 || ^17.0.0"
      }
    },
    "@next/env": {
      "version": "12.1.1",
      "resolved": "https://registry.npmjs.org/@next/env/-/env-12.1.1.tgz",
      "integrity": "sha512-VmTRkfo/IXOQCATndjW3OjKb8zmAuB07eDdzO9XvuXZP87SyvnCYw3jrhUuFhOe/FVsKiloafa5LJfToUpvjUQ=="
    },
    "@next/swc-android-arm-eabi": {
      "version": "12.1.1",
      "resolved": "https://registry.npmjs.org/@next/swc-android-arm-eabi/-/swc-android-arm-eabi-12.1.1.tgz",
      "integrity": "sha512-phV9H6d1eK1oVC7nmKKcCXvgOWT4K7aLC/beyO6yvbFC4XtBLE21vPwVl7B4ybz5xjSa6TXoR3TMR6vkW6Mv+A==",
      "optional": true
    },
    "@next/swc-android-arm64": {
      "version": "12.1.1",
      "resolved": "https://registry.npmjs.org/@next/swc-android-arm64/-/swc-android-arm64-12.1.1.tgz",
      "integrity": "sha512-X5qEz0YeeYT0Gz2wXPAEtRKEuAsLUIEgC/DDfS98t/5Idjv0S4aqIX+TQdzoXP5bwQkIr+mSg+MBIdLtbtnCsA==",
      "optional": true
    },
    "@next/swc-darwin-arm64": {
      "version": "12.1.1",
      "resolved": "https://registry.npmjs.org/@next/swc-darwin-arm64/-/swc-darwin-arm64-12.1.1.tgz",
      "integrity": "sha512-bKKSNaTdnO3XPnfaR4NSpPcbs80fdbtOYC2lgtqLzA0bOMioupixMP5GrA/gfJHwh7GRH+A+sbgKQWsqSsYAqQ==",
      "optional": true
    },
    "@next/swc-darwin-x64": {
      "version": "12.1.1",
      "resolved": "https://registry.npmjs.org/@next/swc-darwin-x64/-/swc-darwin-x64-12.1.1.tgz",
      "integrity": "sha512-2VOsA6WLDuDBA6935djohWGGeUIKeQhXwDwu1CKx1b8+6YMMIvFr/y2dpPWoct+5/IjFz84a2MnbABwpoNB9YA==",
      "optional": true
    },
    "@next/swc-linux-arm-gnueabihf": {
      "version": "12.1.1",
      "resolved": "https://registry.npmjs.org/@next/swc-linux-arm-gnueabihf/-/swc-linux-arm-gnueabihf-12.1.1.tgz",
      "integrity": "sha512-1urXtWwqjqbbpJBWeJYz5ATgelKacVNdKIdhfahbsmW+DZGoK5TYovgieyHFYUCyHdTuKeLTVR62ahIRUBv1YA==",
      "optional": true
    },
    "@next/swc-linux-arm64-gnu": {
      "version": "12.1.1",
      "resolved": "https://registry.npmjs.org/@next/swc-linux-arm64-gnu/-/swc-linux-arm64-gnu-12.1.1.tgz",
      "integrity": "sha512-CDD9yFuknDvTOzzDnvfmb58USI5Vu6FUyzw96udKj7KA/n1YrNQ4K8X7KsDCRZoqfRWYceAyj1EpwHkfdiB7bg==",
      "optional": true
    },
    "@next/swc-linux-arm64-musl": {
      "version": "12.1.1",
      "resolved": "https://registry.npmjs.org/@next/swc-linux-arm64-musl/-/swc-linux-arm64-musl-12.1.1.tgz",
      "integrity": "sha512-nxyjgmbOpZm7gGPj9EV5Cqosoujt+ih/8SO2XG+BetgfAk0+c15793DHVAljNuc8GF9wpzqQnjMMUZ211VmQsg==",
      "optional": true
    },
    "@next/swc-linux-x64-gnu": {
      "version": "12.1.1",
      "resolved": "https://registry.npmjs.org/@next/swc-linux-x64-gnu/-/swc-linux-x64-gnu-12.1.1.tgz",
      "integrity": "sha512-L8Cu8kH3Vn2dnRpvcvGGA1TlmDP2WXJ+qDwvjb/ikDXLdRdmFvJwHh45JUGiW2FHed3lGseOgNsuYiDvnT8Cdw==",
      "optional": true
    },
    "@next/swc-linux-x64-musl": {
      "version": "12.1.1",
      "resolved": "https://registry.npmjs.org/@next/swc-linux-x64-musl/-/swc-linux-x64-musl-12.1.1.tgz",
      "integrity": "sha512-4RAb7L69MoRSggBqUfF3OrtBCUN2zPDi7asfL7bfxEhH10LGzyfil8dT0GVjPOPFz/SyLx3ORd6avGij2IlJUA==",
      "optional": true
    },
    "@next/swc-win32-arm64-msvc": {
      "version": "12.1.1",
      "resolved": "https://registry.npmjs.org/@next/swc-win32-arm64-msvc/-/swc-win32-arm64-msvc-12.1.1.tgz",
      "integrity": "sha512-zvkuNIgOxkAU3RbzWRGCcFasDxWJdhONt2YeRGe39dJERHhEFA1u4HgaZw/SFE/kfrNRUZbXjJNAg3OU/EpPZw==",
      "optional": true
    },
    "@next/swc-win32-ia32-msvc": {
      "version": "12.1.1",
      "resolved": "https://registry.npmjs.org/@next/swc-win32-ia32-msvc/-/swc-win32-ia32-msvc-12.1.1.tgz",
      "integrity": "sha512-GsNDtZ//uKWNVjiwv3YKQYsDXuRWTz8jTmxopf5Ws3dK+zA77hn4o46LBQg0JPCNqTUO6eIOlUBjqSL6ejxmSQ==",
      "optional": true
    },
    "@next/swc-win32-x64-msvc": {
      "version": "12.1.1",
      "resolved": "https://registry.npmjs.org/@next/swc-win32-x64-msvc/-/swc-win32-x64-msvc-12.1.1.tgz",
      "integrity": "sha512-nH5osn/uK9wsjT8Jh1YxMtRrkN5hoCNLQjsEdvfUfb+loQXeYiBd3n/0DUJkf6Scjfv6/htfUTPP3AEa7AbBxQ==",
      "optional": true
    },
    "@popperjs/core": {
      "version": "2.11.4",
      "resolved": "https://registry.npmjs.org/@popperjs/core/-/core-2.11.4.tgz",
      "integrity": "sha512-q/ytXxO5NKvyT37pmisQAItCFqA7FD/vNb8dgaJy3/630Fsc+Mz9/9f2SziBoIZ30TJooXyTwZmhi1zjXmObYg=="
    },
    "@react-aria/ssr": {
      "version": "3.1.2",
      "resolved": "https://registry.npmjs.org/@react-aria/ssr/-/ssr-3.1.2.tgz",
      "integrity": "sha512-amXY11ImpokvkTMeKRHjsSsG7v1yzzs6yeqArCyBIk60J3Yhgxwx9Cah+Uu/804ATFwqzN22AXIo7SdtIaMP+g==",
      "requires": {
        "@babel/runtime": "^7.6.2"
      }
    },
    "@restart/hooks": {
      "version": "0.4.5",
      "resolved": "https://registry.npmjs.org/@restart/hooks/-/hooks-0.4.5.tgz",
      "integrity": "sha512-tLGtY0aHeIfT7aPwUkvQuhIy3+q3w4iqmUzFLPlOAf/vNUacLaBt1j/S//jv/dQhenRh8jvswyMojCwmLvJw8A==",
      "requires": {
        "dequal": "^2.0.2"
      }
    },
    "@restart/ui": {
      "version": "1.2.0",
      "resolved": "https://registry.npmjs.org/@restart/ui/-/ui-1.2.0.tgz",
      "integrity": "sha512-oIh2t3tG8drZtZ9SlaV5CY6wGsUViHk8ZajjhcI+74IQHyWy+AnxDv8rJR5wVgsgcgrPBUvGNkC1AEdcGNPaLQ==",
      "requires": {
        "@babel/runtime": "^7.13.16",
        "@popperjs/core": "^2.10.1",
        "@react-aria/ssr": "^3.0.1",
        "@restart/hooks": "^0.4.0",
        "@types/warning": "^3.0.0",
        "dequal": "^2.0.2",
        "dom-helpers": "^5.2.0",
        "uncontrollable": "^7.2.1",
        "warning": "^4.0.3"
      }
    },
    "@types/hast": {
      "version": "2.3.4",
      "resolved": "https://registry.npmjs.org/@types/hast/-/hast-2.3.4.tgz",
      "integrity": "sha512-wLEm0QvaoawEDoTRwzTXp4b4jpwiJDvR5KMnFnVodm3scufTlBOWRD6N1OBf9TZMhjlNsSfcO5V+7AF4+Vy+9g==",
      "requires": {
        "@types/unist": "*"
      }
    },
    "@types/invariant": {
      "version": "2.2.35",
      "resolved": "https://registry.npmjs.org/@types/invariant/-/invariant-2.2.35.tgz",
      "integrity": "sha512-DxX1V9P8zdJPYQat1gHyY0xj3efl8gnMVjiM9iCY6y27lj+PoQWkgjt8jDqmovPqULkKVpKRg8J36iQiA+EtEg=="
    },
    "@types/prop-types": {
      "version": "15.7.4",
      "resolved": "https://registry.npmjs.org/@types/prop-types/-/prop-types-15.7.4.tgz",
      "integrity": "sha512-rZ5drC/jWjrArrS8BR6SIr4cWpW09RNTYt9AMZo3Jwwif+iacXAqgVjm0B0Bv/S1jhDXKHqRVNCbACkJ89RAnQ=="
    },
    "@types/react": {
      "version": "17.0.43",
      "resolved": "https://registry.npmjs.org/@types/react/-/react-17.0.43.tgz",
      "integrity": "sha512-8Q+LNpdxf057brvPu1lMtC5Vn7J119xrP1aq4qiaefNioQUYANF/CYeK4NsKorSZyUGJ66g0IM+4bbjwx45o2A==",
      "requires": {
        "@types/prop-types": "*",
        "@types/scheduler": "*",
        "csstype": "^3.0.2"
      }
    },
    "@types/react-transition-group": {
      "version": "4.4.4",
      "resolved": "https://registry.npmjs.org/@types/react-transition-group/-/react-transition-group-4.4.4.tgz",
      "integrity": "sha512-7gAPz7anVK5xzbeQW9wFBDg7G++aPLAFY0QaSMOou9rJZpbuI58WAuJrgu+qR92l61grlnCUe7AFX8KGahAgug==",
      "requires": {
        "@types/react": "*"
      }
    },
    "@types/scheduler": {
      "version": "0.16.2",
      "resolved": "https://registry.npmjs.org/@types/scheduler/-/scheduler-0.16.2.tgz",
      "integrity": "sha512-hppQEBDmlwhFAXKJX2KnWLYu5yMfi91yazPb2l+lbJiwW+wdo1gNeRA+3RgNSO39WYX2euey41KEwnqesU2Jew=="
    },
    "@types/unist": {
      "version": "2.0.6",
      "resolved": "https://registry.npmjs.org/@types/unist/-/unist-2.0.6.tgz",
      "integrity": "sha512-PBjIUxZHOuj0R15/xuwJYjFi+KZdNFrehocChv4g5hu6aFroHue8m0lBP0POdK2nKzbw0cgV1mws8+V/JAcEkQ=="
    },
    "@types/warning": {
      "version": "3.0.0",
      "resolved": "https://registry.npmjs.org/@types/warning/-/warning-3.0.0.tgz",
      "integrity": "sha1-DSUBJorY+ZYrdA04fEZU9fjiPlI="
    },
    "bootstrap": {
      "version": "5.1.3",
      "resolved": "https://registry.npmjs.org/bootstrap/-/bootstrap-5.1.3.tgz",
      "integrity": "sha512-fcQztozJ8jToQWXxVuEyXWW+dSo8AiXWKwiSSrKWsRB/Qt+Ewwza+JWoLKiTuQLaEPhdNAJ7+Dosc9DOIqNy7Q=="
    },
    "caniuse-lite": {
      "version": "1.0.30001320",
      "resolved": "https://registry.npmjs.org/caniuse-lite/-/caniuse-lite-1.0.30001320.tgz",
      "integrity": "sha512-MWPzG54AGdo3nWx7zHZTefseM5Y1ccM7hlQKHRqJkPozUaw3hNbBTMmLn16GG2FUzjR13Cr3NPfhIieX5PzXDA=="
    },
    "character-entities": {
      "version": "1.2.4",
      "resolved": "https://registry.npmjs.org/character-entities/-/character-entities-1.2.4.tgz",
      "integrity": "sha512-iBMyeEHxfVnIakwOuDXpVkc54HijNgCyQB2w0VfGQThle6NXn50zU6V/u+LDhxHcDUPojn6Kpga3PTAD8W1bQw=="
    },
    "character-entities-legacy": {
      "version": "1.1.4",
      "resolved": "https://registry.npmjs.org/character-entities-legacy/-/character-entities-legacy-1.1.4.tgz",
      "integrity": "sha512-3Xnr+7ZFS1uxeiUDvV02wQ+QDbc55o97tIV5zHScSPJpcLm/r0DFPcoY3tYRp+VZukxuMeKgXYmsXQHO05zQeA=="
    },
    "character-reference-invalid": {
      "version": "1.1.4",
      "resolved": "https://registry.npmjs.org/character-reference-invalid/-/character-reference-invalid-1.1.4.tgz",
      "integrity": "sha512-mKKUkUbhPpQlCOfIuZkvSEgktjPFIsZKRRbC6KWVEMvlzblj3i3asQv5ODsrwt0N3pHAEvjP8KTQPHkp0+6jOg=="
    },
    "classnames": {
      "version": "2.3.1",
      "resolved": "https://registry.npmjs.org/classnames/-/classnames-2.3.1.tgz",
      "integrity": "sha512-OlQdbZ7gLfGarSqxesMesDa5uz7KFbID8Kpq/SxIoNGDqY8lSYs0D+hhtBXhcdB3rcbXArFr7vlHheLk1voeNA=="
    },
    "clsx": {
      "version": "1.1.1",
      "resolved": "https://registry.npmjs.org/clsx/-/clsx-1.1.1.tgz",
      "integrity": "sha512-6/bPho624p3S2pMyvP5kKBPXnI3ufHLObBFCfgx+LkeR5lg2XYy2hqZqUf45ypD8COn2bhgGJSUE+l5dhNBieA=="
    },
    "comma-separated-tokens": {
      "version": "1.0.8",
      "resolved": "https://registry.npmjs.org/comma-separated-tokens/-/comma-separated-tokens-1.0.8.tgz",
      "integrity": "sha512-GHuDRO12Sypu2cV70d1dkA2EUmXHgntrzbpvOB+Qy+49ypNfGgFQIC2fhhXbnyrJRynDCAARsT7Ou0M6hirpfw=="
    },
    "css-vendor": {
      "version": "2.0.8",
      "resolved": "https://registry.npmjs.org/css-vendor/-/css-vendor-2.0.8.tgz",
      "integrity": "sha512-x9Aq0XTInxrkuFeHKbYC7zWY8ai7qJ04Kxd9MnvbC1uO5DagxoHQjm4JvG+vCdXOoFtCjbL2XSZfxmoYa9uQVQ==",
      "requires": {
        "@babel/runtime": "^7.8.3",
        "is-in-browser": "^1.0.2"
      }
    },
    "csstype": {
      "version": "3.0.11",
      "resolved": "https://registry.npmjs.org/csstype/-/csstype-3.0.11.tgz",
      "integrity": "sha512-sa6P2wJ+CAbgyy4KFssIb/JNMLxFvKF1pCYCSXS8ZMuqZnMsrxqI2E5sPyoTpxoPU/gVZMzr2zjOfg8GIZOMsw=="
    },
    "dequal": {
      "version": "2.0.2",
      "resolved": "https://registry.npmjs.org/dequal/-/dequal-2.0.2.tgz",
      "integrity": "sha512-q9K8BlJVxK7hQYqa6XISGmBZbtQQWVXSrRrWreHC94rMt1QL/Impruc+7p2CYSYuVIUr+YCt6hjrs1kkdJRTug=="
    },
    "dom-helpers": {
      "version": "5.2.1",
      "resolved": "https://registry.npmjs.org/dom-helpers/-/dom-helpers-5.2.1.tgz",
      "integrity": "sha512-nRCa7CK3VTrM2NmGkIy4cbK7IZlgBE/PYMn55rrXefr5xXDP0LdtfPnblFDoVdcAfslJ7or6iqAUnx0CCGIWQA==",
      "requires": {
        "@babel/runtime": "^7.8.7",
        "csstype": "^3.0.2"
      }
    },
    "exenv": {
      "version": "1.2.2",
      "resolved": "https://registry.npmjs.org/exenv/-/exenv-1.2.2.tgz",
      "integrity": "sha1-KueOhdmJQVhnCwPUe+wfA72Ru50="
    },
    "fault": {
      "version": "1.0.4",
      "resolved": "https://registry.npmjs.org/fault/-/fault-1.0.4.tgz",
      "integrity": "sha512-CJ0HCB5tL5fYTEA7ToAq5+kTwd++Borf1/bifxd9iT70QcXr4MRrO3Llf8Ifs70q+SJcGHFtnIE/Nw6giCtECA==",
      "requires": {
        "format": "^0.2.0"
      }
    },
    "format": {
      "version": "0.2.2",
      "resolved": "https://registry.npmjs.org/format/-/format-0.2.2.tgz",
      "integrity": "sha1-1hcBB+nv3E7TDJ3DkBbflCtctYs="
    },
    "fuse.js": {
      "version": "6.5.3",
      "resolved": "https://registry.npmjs.org/fuse.js/-/fuse.js-6.5.3.tgz",
      "integrity": "sha512-sA5etGE7yD/pOqivZRBvUBd/NaL2sjAu6QuSaFoe1H2BrJSkH/T/UXAJ8CdXdw7DvY3Hs8CXKYkDWX7RiP5KOg=="
    },
    "hast-util-parse-selector": {
      "version": "2.2.5",
      "resolved": "https://registry.npmjs.org/hast-util-parse-selector/-/hast-util-parse-selector-2.2.5.tgz",
      "integrity": "sha512-7j6mrk/qqkSehsM92wQjdIgWM2/BW61u/53G6xmC8i1OmEdKLHbk419QKQUjz6LglWsfqoiHmyMRkP1BGjecNQ=="
    },
    "hastscript": {
      "version": "6.0.0",
      "resolved": "https://registry.npmjs.org/hastscript/-/hastscript-6.0.0.tgz",
      "integrity": "sha512-nDM6bvd7lIqDUiYEiu5Sl/+6ReP0BMk/2f4U/Rooccxkj0P5nm+acM5PrGJ/t5I8qPGiqZSE6hVAwZEdZIvP4w==",
      "requires": {
        "@types/hast": "^2.0.0",
        "comma-separated-tokens": "^1.0.0",
        "hast-util-parse-selector": "^2.0.0",
        "property-information": "^5.0.0",
        "space-separated-tokens": "^1.0.0"
      }
    },
    "highlight.js": {
      "version": "10.7.3",
      "resolved": "https://registry.npmjs.org/highlight.js/-/highlight.js-10.7.3.tgz",
      "integrity": "sha512-tzcUFauisWKNHaRkN4Wjl/ZA07gENAjFl3J/c480dprkGTg5EQstgaNFqBfUqCq54kZRIEcreTsAgF/m2quD7A=="
    },
    "hoist-non-react-statics": {
      "version": "3.3.2",
      "resolved": "https://registry.npmjs.org/hoist-non-react-statics/-/hoist-non-react-statics-3.3.2.tgz",
      "integrity": "sha512-/gGivxi8JPKWNm/W0jSmzcMPpfpPLc3dY/6GxhX2hQ9iGj3aDfklV4ET7NjKpSinLpJ5vafa9iiGIEZg10SfBw==",
      "requires": {
        "react-is": "^16.7.0"
      }
    },
    "hyphenate-style-name": {
      "version": "1.0.4",
      "resolved": "https://registry.npmjs.org/hyphenate-style-name/-/hyphenate-style-name-1.0.4.tgz",
      "integrity": "sha512-ygGZLjmXfPHj+ZWh6LwbC37l43MhfztxetbFCoYTM2VjkIUpeHgSNn7QIyVFj7YQ1Wl9Cbw5sholVJPzWvC2MQ=="
    },
    "invariant": {
      "version": "2.2.4",
      "resolved": "https://registry.npmjs.org/invariant/-/invariant-2.2.4.tgz",
      "integrity": "sha512-phJfQVBuaJM5raOpJjSfkiD6BpbCE4Ns//LaXl6wGYtUBY83nWS6Rf9tXm2e8VaK60JEjYldbPif/A2B1C2gNA==",
      "requires": {
        "loose-envify": "^1.0.0"
      }
    },
    "is-alphabetical": {
      "version": "1.0.4",
      "resolved": "https://registry.npmjs.org/is-alphabetical/-/is-alphabetical-1.0.4.tgz",
      "integrity": "sha512-DwzsA04LQ10FHTZuL0/grVDk4rFoVH1pjAToYwBrHSxcrBIGQuXrQMtD5U1b0U2XVgKZCTLLP8u2Qxqhy3l2Vg=="
    },
    "is-alphanumerical": {
      "version": "1.0.4",
      "resolved": "https://registry.npmjs.org/is-alphanumerical/-/is-alphanumerical-1.0.4.tgz",
      "integrity": "sha512-UzoZUr+XfVz3t3v4KyGEniVL9BDRoQtY7tOyrRybkVNjDFWyo1yhXNGrrBTQxp3ib9BLAWs7k2YKBQsFRkZG9A==",
      "requires": {
        "is-alphabetical": "^1.0.0",
        "is-decimal": "^1.0.0"
      }
    },
    "is-decimal": {
      "version": "1.0.4",
      "resolved": "https://registry.npmjs.org/is-decimal/-/is-decimal-1.0.4.tgz",
      "integrity": "sha512-RGdriMmQQvZ2aqaQq3awNA6dCGtKpiDFcOzrTWrDAT2MiWrKQVPmxLGHl7Y2nNu6led0kEyoX0enY0qXYsv9zw=="
    },
    "is-hexadecimal": {
      "version": "1.0.4",
      "resolved": "https://registry.npmjs.org/is-hexadecimal/-/is-hexadecimal-1.0.4.tgz",
      "integrity": "sha512-gyPJuv83bHMpocVYoqof5VDiZveEoGoFL8m3BXNb2VW8Xs+rz9kqO8LOQ5DH6EsuvilT1ApazU0pyl+ytbPtlw=="
    },
    "is-in-browser": {
      "version": "1.1.3",
      "resolved": "https://registry.npmjs.org/is-in-browser/-/is-in-browser-1.1.3.tgz",
      "integrity": "sha1-Vv9NtoOgeMYILrldrX3GLh0E+DU="
    },
    "js-tokens": {
      "version": "4.0.0",
      "resolved": "https://registry.npmjs.org/js-tokens/-/js-tokens-4.0.0.tgz",
      "integrity": "sha512-RdJUflcE3cUzKiMqQgsCu06FPu9UdIJO0beYbPhHN4k6apgJtifcoCtT9bcxOpYBtpD2kCM6Sbzg4CausW/PKQ=="
    },
    "jss": {
      "version": "10.9.0",
      "resolved": "https://registry.npmjs.org/jss/-/jss-10.9.0.tgz",
      "integrity": "sha512-YpzpreB6kUunQBbrlArlsMpXYyndt9JATbt95tajx0t4MTJJcCJdd4hdNpHmOIDiUJrF/oX5wtVFrS3uofWfGw==",
      "requires": {
        "@babel/runtime": "^7.3.1",
        "csstype": "^3.0.2",
        "is-in-browser": "^1.1.3",
        "tiny-warning": "^1.0.2"
      }
    },
    "jss-plugin-camel-case": {
      "version": "10.9.0",
      "resolved": "https://registry.npmjs.org/jss-plugin-camel-case/-/jss-plugin-camel-case-10.9.0.tgz",
      "integrity": "sha512-UH6uPpnDk413/r/2Olmw4+y54yEF2lRIV8XIZyuYpgPYTITLlPOsq6XB9qeqv+75SQSg3KLocq5jUBXW8qWWww==",
      "requires": {
        "@babel/runtime": "^7.3.1",
        "hyphenate-style-name": "^1.0.3",
        "jss": "10.9.0"
      }
    },
    "jss-plugin-default-unit": {
      "version": "10.9.0",
      "resolved": "https://registry.npmjs.org/jss-plugin-default-unit/-/jss-plugin-default-unit-10.9.0.tgz",
      "integrity": "sha512-7Ju4Q9wJ/MZPsxfu4T84mzdn7pLHWeqoGd/D8O3eDNNJ93Xc8PxnLmV8s8ZPNRYkLdxZqKtm1nPQ0BM4JRlq2w==",
      "requires": {
        "@babel/runtime": "^7.3.1",
        "jss": "10.9.0"
      }
    },
    "jss-plugin-global": {
      "version": "10.9.0",
      "resolved": "https://registry.npmjs.org/jss-plugin-global/-/jss-plugin-global-10.9.0.tgz",
      "integrity": "sha512-4G8PHNJ0x6nwAFsEzcuVDiBlyMsj2y3VjmFAx/uHk/R/gzJV+yRHICjT4MKGGu1cJq2hfowFWCyrr/Gg37FbgQ==",
      "requires": {
        "@babel/runtime": "^7.3.1",
        "jss": "10.9.0"
      }
    },
    "jss-plugin-nested": {
      "version": "10.9.0",
      "resolved": "https://registry.npmjs.org/jss-plugin-nested/-/jss-plugin-nested-10.9.0.tgz",
      "integrity": "sha512-2UJnDrfCZpMYcpPYR16oZB7VAC6b/1QLsRiAutOt7wJaaqwCBvNsosLEu/fUyKNQNGdvg2PPJFDO5AX7dwxtoA==",
      "requires": {
        "@babel/runtime": "^7.3.1",
        "jss": "10.9.0",
        "tiny-warning": "^1.0.2"
      }
    },
    "jss-plugin-props-sort": {
      "version": "10.9.0",
      "resolved": "https://registry.npmjs.org/jss-plugin-props-sort/-/jss-plugin-props-sort-10.9.0.tgz",
      "integrity": "sha512-7A76HI8bzwqrsMOJTWKx/uD5v+U8piLnp5bvru7g/3ZEQOu1+PjHvv7bFdNO3DwNPC9oM0a//KwIJsIcDCjDzw==",
      "requires": {
        "@babel/runtime": "^7.3.1",
        "jss": "10.9.0"
      }
    },
    "jss-plugin-rule-value-function": {
      "version": "10.9.0",
      "resolved": "https://registry.npmjs.org/jss-plugin-rule-value-function/-/jss-plugin-rule-value-function-10.9.0.tgz",
      "integrity": "sha512-IHJv6YrEf8pRzkY207cPmdbBstBaE+z8pazhPShfz0tZSDtRdQua5jjg6NMz3IbTasVx9FdnmptxPqSWL5tyJg==",
      "requires": {
        "@babel/runtime": "^7.3.1",
        "jss": "10.9.0",
        "tiny-warning": "^1.0.2"
      }
    },
    "jss-plugin-vendor-prefixer": {
      "version": "10.9.0",
      "resolved": "https://registry.npmjs.org/jss-plugin-vendor-prefixer/-/jss-plugin-vendor-prefixer-10.9.0.tgz",
      "integrity": "sha512-MbvsaXP7iiVdYVSEoi+blrW+AYnTDvHTW6I6zqi7JcwXdc6I9Kbm234nEblayhF38EftoenbM+5218pidmC5gA==",
      "requires": {
        "@babel/runtime": "^7.3.1",
        "css-vendor": "^2.0.8",
        "jss": "10.9.0"
      }
    },
    "lodash": {
      "version": "4.17.21",
      "resolved": "https://registry.npmjs.org/lodash/-/lodash-4.17.21.tgz",
      "integrity": "sha512-v2kDEe57lecTulaDIuNTPy3Ry4gLGJ6Z1O3vE1krgXZNrsQ+LFTGHVxVjcXPs17LhbZVGedAJv8XZ1tvj5FvSg=="
    },
    "loose-envify": {
      "version": "1.4.0",
      "resolved": "https://registry.npmjs.org/loose-envify/-/loose-envify-1.4.0.tgz",
      "integrity": "sha512-lyuxPGr/Wfhrlem2CL/UcnUc1zcqKAImBDzukY7Y5F/yQiNdko6+fRLevlw1HgMySw7f611UIY408EtxRSoK3Q==",
      "requires": {
        "js-tokens": "^3.0.0 || ^4.0.0"
      }
    },
    "lowlight": {
      "version": "1.20.0",
      "resolved": "https://registry.npmjs.org/lowlight/-/lowlight-1.20.0.tgz",
      "integrity": "sha512-8Ktj+prEb1RoCPkEOrPMYUN/nCggB7qAWe3a7OpMjWQkh3l2RD5wKRQ+o8Q8YuI9RG/xs95waaI/E6ym/7NsTw==",
      "requires": {
        "fault": "^1.0.0",
        "highlight.js": "~10.7.0"
      }
    },
    "mdb-react-ui-kit": {
      "version": "3.0.0",
      "resolved": "https://registry.npmjs.org/mdb-react-ui-kit/-/mdb-react-ui-kit-3.0.0.tgz",
      "integrity": "sha512-LgnmfkBqd4JKvFfnr1TjOjbqevFxgyKFlvTaVF4injeHMoY89gYUCsrpW4vdNwi3QrVHvi6ojkcy2oNOWzsOjg==",
      "requires": {
        "@popperjs/core": "2.6.0",
        "clsx": "1.1.1",
        "react-popper": "2.2.4"
      },
      "dependencies": {
        "@popperjs/core": {
          "version": "2.6.0",
          "resolved": "https://registry.npmjs.org/@popperjs/core/-/core-2.6.0.tgz",
          "integrity": "sha512-cPqjjzuFWNK3BSKLm0abspP0sp/IGOli4p5I5fKFAzdS8fvjdOwDCfZqAaIiXd9lPkOWi3SUUfZof3hEb7J/uw=="
        }
      }
    },
    "nanoid": {
      "version": "3.3.1",
      "resolved": "https://registry.npmjs.org/nanoid/-/nanoid-3.3.1.tgz",
      "integrity": "sha512-n6Vs/3KGyxPQd6uO0eH4Bv0ojGSUvuLlIHtC3Y0kEO23YRge8H9x1GCzLn28YX0H66pMkxuaeESFq4tKISKwdw=="
    },
    "next": {
      "version": "12.1.1",
      "resolved": "https://registry.npmjs.org/next/-/next-12.1.1.tgz",
      "integrity": "sha512-IOfEIAgroMtsoYz6HXpDS+b5WB9WZ+MH266COXGlcpIiYSgUyJf9xV6vF+zY2RPvBJFT4fUW0EVdVnoOmTloDw==",
      "requires": {
        "@next/env": "12.1.1",
        "@next/swc-android-arm-eabi": "12.1.1",
        "@next/swc-android-arm64": "12.1.1",
        "@next/swc-darwin-arm64": "12.1.1",
        "@next/swc-darwin-x64": "12.1.1",
        "@next/swc-linux-arm-gnueabihf": "12.1.1",
        "@next/swc-linux-arm64-gnu": "12.1.1",
        "@next/swc-linux-arm64-musl": "12.1.1",
        "@next/swc-linux-x64-gnu": "12.1.1",
        "@next/swc-linux-x64-musl": "12.1.1",
        "@next/swc-win32-arm64-msvc": "12.1.1",
        "@next/swc-win32-ia32-msvc": "12.1.1",
        "@next/swc-win32-x64-msvc": "12.1.1",
        "caniuse-lite": "^1.0.30001283",
        "postcss": "8.4.5",
        "styled-jsx": "5.0.1",
        "use-subscription": "1.5.1"
      }
    },
    "object-assign": {
      "version": "4.1.1",
      "resolved": "https://registry.npmjs.org/object-assign/-/object-assign-4.1.1.tgz",
      "integrity": "sha1-IQmtx5ZYh8/AXLvUQsrIv7s2CGM="
    },
    "parse-entities": {
      "version": "2.0.0",
      "resolved": "https://registry.npmjs.org/parse-entities/-/parse-entities-2.0.0.tgz",
      "integrity": "sha512-kkywGpCcRYhqQIchaWqZ875wzpS/bMKhz5HnN3p7wveJTkTtyAB/AlnS0f8DFSqYW1T82t6yEAkEcB+A1I3MbQ==",
      "requires": {
        "character-entities": "^1.0.0",
        "character-entities-legacy": "^1.0.0",
        "character-reference-invalid": "^1.0.0",
        "is-alphanumerical": "^1.0.0",
        "is-decimal": "^1.0.0",
        "is-hexadecimal": "^1.0.0"
      }
    },
    "picocolors": {
      "version": "1.0.0",
      "resolved": "https://registry.npmjs.org/picocolors/-/picocolors-1.0.0.tgz",
      "integrity": "sha512-1fygroTLlHu66zi26VoTDv8yRgm0Fccecssto+MhsZ0D/DGW2sm8E8AjW7NU5VVTRt5GxbeZ5qBuJr+HyLYkjQ=="
    },
    "popper.js": {
      "version": "1.16.1-lts",
      "resolved": "https://registry.npmjs.org/popper.js/-/popper.js-1.16.1-lts.tgz",
      "integrity": "sha512-Kjw8nKRl1m+VrSFCoVGPph93W/qrSO7ZkqPpTf7F4bk/sqcfWK019dWBUpE/fBOsOQY1dks/Bmcbfn1heM/IsA=="
    },
    "postcss": {
      "version": "8.4.5",
      "resolved": "https://registry.npmjs.org/postcss/-/postcss-8.4.5.tgz",
      "integrity": "sha512-jBDboWM8qpaqwkMwItqTQTiFikhs/67OYVvblFFTM7MrZjt6yMKd6r2kgXizEbTTljacm4NldIlZnhbjr84QYg==",
      "requires": {
        "nanoid": "^3.1.30",
        "picocolors": "^1.0.0",
        "source-map-js": "^1.0.1"
      }
    },
    "prismjs": {
      "version": "1.27.0",
      "resolved": "https://registry.npmjs.org/prismjs/-/prismjs-1.27.0.tgz",
      "integrity": "sha512-t13BGPUlFDR7wRB5kQDG4jjl7XeuH6jbJGt11JHPL96qwsEHNX2+68tFXqc1/k+/jALsbSWJKUOT/hcYAZ5LkA=="
    },
    "prop-types": {
      "version": "15.8.1",
      "resolved": "https://registry.npmjs.org/prop-types/-/prop-types-15.8.1.tgz",
      "integrity": "sha512-oj87CgZICdulUohogVAR7AjlC0327U4el4L6eAvOqCeudMDVU0NThNaV+b9Df4dXgSP1gXMTnPdhfe/2qDH5cg==",
      "requires": {
        "loose-envify": "^1.4.0",
        "object-assign": "^4.1.1",
        "react-is": "^16.13.1"
      }
    },
    "prop-types-extra": {
      "version": "1.1.1",
      "resolved": "https://registry.npmjs.org/prop-types-extra/-/prop-types-extra-1.1.1.tgz",
      "integrity": "sha512-59+AHNnHYCdiC+vMwY52WmvP5dM3QLeoumYuEyceQDi9aEhtwN9zIQ2ZNo25sMyXnbh32h+P1ezDsUpUH3JAew==",
      "requires": {
        "react-is": "^16.3.2",
        "warning": "^4.0.0"
      }
    },
    "property-information": {
      "version": "5.6.0",
      "resolved": "https://registry.npmjs.org/property-information/-/property-information-5.6.0.tgz",
      "integrity": "sha512-YUHSPk+A30YPv+0Qf8i9Mbfe/C0hdPXk1s1jPVToV8pk8BQtpw10ct89Eo7OWkutrwqvT0eicAxlOg3dOAu8JA==",
      "requires": {
        "xtend": "^4.0.0"
      }
    },
    "react": {
      "version": "17.0.2",
      "resolved": "https://registry.npmjs.org/react/-/react-17.0.2.tgz",
      "integrity": "sha512-gnhPt75i/dq/z3/6q/0asP78D0u592D5L1pd7M8P+dck6Fu/jJeL6iVVK23fptSUZj8Vjf++7wXA8UNclGQcbA==",
      "requires": {
        "loose-envify": "^1.1.0",
        "object-assign": "^4.1.1"
      }
    },
    "react-bootstrap": {
      "version": "2.2.2",
      "resolved": "https://registry.npmjs.org/react-bootstrap/-/react-bootstrap-2.2.2.tgz",
      "integrity": "sha512-zfVGUU14BMZo7KqR1QHXBAqpbWa6bu4S9dZ6O4rd/hDZi1tiNeGkISbuBednb1TxyXrOwpvnvlHNk3OuYQNq6w==",
      "requires": {
        "@babel/runtime": "^7.17.2",
        "@restart/hooks": "^0.4.5",
        "@restart/ui": "^1.2.0",
        "@types/invariant": "^2.2.35",
        "@types/prop-types": "^15.7.4",
        "@types/react": ">=16.14.8",
        "@types/react-transition-group": "^4.4.4",
        "@types/warning": "^3.0.0",
        "classnames": "^2.3.1",
        "dom-helpers": "^5.2.1",
        "invariant": "^2.2.4",
        "prop-types": "^15.8.1",
        "prop-types-extra": "^1.1.0",
        "react-transition-group": "^4.4.2",
        "uncontrollable": "^7.2.1",
        "warning": "^4.0.3"
      }
    },
    "react-dom": {
      "version": "17.0.2",
      "resolved": "https://registry.npmjs.org/react-dom/-/react-dom-17.0.2.tgz",
      "integrity": "sha512-s4h96KtLDUQlsENhMn1ar8t2bEa+q/YAtj8pPPdIjPDGBDIVNsrD9aXNWqspUe6AzKCIG0C1HZZLqLV7qpOBGA==",
      "requires": {
        "loose-envify": "^1.1.0",
        "object-assign": "^4.1.1",
        "scheduler": "^0.20.2"
      }
    },
    "react-fast-compare": {
      "version": "3.2.0",
      "resolved": "https://registry.npmjs.org/react-fast-compare/-/react-fast-compare-3.2.0.tgz",
      "integrity": "sha512-rtGImPZ0YyLrscKI9xTpV8psd6I8VAtjKCzQDlzyDvqJA8XOW78TXYQwNRNd8g8JZnDu8q9Fu/1v4HPAVwVdHA=="
    },
    "react-is": {
      "version": "16.13.1",
      "resolved": "https://registry.npmjs.org/react-is/-/react-is-16.13.1.tgz",
      "integrity": "sha512-24e6ynE2H+OKt4kqsOvNd8kBpV65zoxbA4BVsEOB3ARVWQki/DHzaUoC5KuON/BiccDaCCTZBuOcfZs70kR8bQ=="
    },
    "react-lifecycles-compat": {
      "version": "3.0.4",
      "resolved": "https://registry.npmjs.org/react-lifecycles-compat/-/react-lifecycles-compat-3.0.4.tgz",
      "integrity": "sha512-fBASbA6LnOU9dOU2eW7aQ8xmYBSXUIWr+UmF9b1efZBazGNO+rcXT/icdKnYm2pTwcRylVUYwW7H1PHfLekVzA=="
    },
    "react-modal": {
      "version": "3.14.4",
      "resolved": "https://registry.npmjs.org/react-modal/-/react-modal-3.14.4.tgz",
      "integrity": "sha512-8surmulejafYCH9wfUmFyj4UfbSJwjcgbS9gf3oOItu4Hwd6ivJyVBETI0yHRhpJKCLZMUtnhzk76wXTsNL6Qg==",
      "requires": {
        "exenv": "^1.2.0",
        "prop-types": "^15.7.2",
        "react-lifecycles-compat": "^3.0.0",
        "warning": "^4.0.3"
      }
    },
    "react-popper": {
      "version": "2.2.4",
      "resolved": "https://registry.npmjs.org/react-popper/-/react-popper-2.2.4.tgz",
      "integrity": "sha512-NacOu4zWupdQjVXq02XpTD3yFPSfg5a7fex0wa3uGKVkFK7UN6LvVxgcb+xYr56UCuWiNPMH20tntdVdJRwYew==",
      "requires": {
        "react-fast-compare": "^3.0.1",
        "warning": "^4.0.2"
      }
    },
    "react-syntax-highlighter": {
      "version": "15.5.0",
      "resolved": "https://registry.npmjs.org/react-syntax-highlighter/-/react-syntax-highlighter-15.5.0.tgz",
      "integrity": "sha512-+zq2myprEnQmH5yw6Gqc8lD55QHnpKaU8TOcFeC/Lg/MQSs8UknEA0JC4nTZGFAXC2J2Hyj/ijJ7NlabyPi2gg==",
      "requires": {
        "@babel/runtime": "^7.3.1",
        "highlight.js": "^10.4.1",
        "lowlight": "^1.17.0",
        "prismjs": "^1.27.0",
        "refractor": "^3.6.0"
      }
    },
    "react-transition-group": {
      "version": "4.4.2",
      "resolved": "https://registry.npmjs.org/react-transition-group/-/react-transition-group-4.4.2.tgz",
      "integrity": "sha512-/RNYfRAMlZwDSr6z4zNKV6xu53/e2BuaBbGhbyYIXTrmgu/bGHzmqOs7mJSJBHy9Ud+ApHx3QjrkKSp1pxvlFg==",
      "requires": {
        "@babel/runtime": "^7.5.5",
        "dom-helpers": "^5.0.1",
        "loose-envify": "^1.4.0",
        "prop-types": "^15.6.2"
      }
    },
    "refractor": {
      "version": "3.6.0",
      "resolved": "https://registry.npmjs.org/refractor/-/refractor-3.6.0.tgz",
      "integrity": "sha512-MY9W41IOWxxk31o+YvFCNyNzdkc9M20NoZK5vq6jkv4I/uh2zkWcfudj0Q1fovjUQJrNewS9NMzeTtqPf+n5EA==",
      "requires": {
        "hastscript": "^6.0.0",
        "parse-entities": "^2.0.0",
        "prismjs": "~1.27.0"
      }
    },
    "regenerator-runtime": {
      "version": "0.13.9",
      "resolved": "https://registry.npmjs.org/regenerator-runtime/-/regenerator-runtime-0.13.9.tgz",
      "integrity": "sha512-p3VT+cOEgxFsRRA9X4lkI1E+k2/CtnKtU4gcxyaCUreilL/vqI6CdZ3wxVUx3UOUg+gnUOQQcRI7BmSI656MYA=="
    },
    "scheduler": {
      "version": "0.20.2",
      "resolved": "https://registry.npmjs.org/scheduler/-/scheduler-0.20.2.tgz",
      "integrity": "sha512-2eWfGgAqqWFGqtdMmcL5zCMK1U8KlXv8SQFGglL3CEtd0aDVDWgeF/YoCmvln55m5zSk3J/20hTaSBeSObsQDQ==",
      "requires": {
        "loose-envify": "^1.1.0",
        "object-assign": "^4.1.1"
      }
    },
    "source-map-js": {
      "version": "1.0.2",
      "resolved": "https://registry.npmjs.org/source-map-js/-/source-map-js-1.0.2.tgz",
      "integrity": "sha512-R0XvVJ9WusLiqTCEiGCmICCMplcCkIwwR11mOSD9CR5u+IXYdiseeEuXCVAjS54zqwkLcPNnmU4OeJ6tUrWhDw=="
    },
    "space-separated-tokens": {
      "version": "1.1.5",
      "resolved": "https://registry.npmjs.org/space-separated-tokens/-/space-separated-tokens-1.1.5.tgz",
      "integrity": "sha512-q/JSVd1Lptzhf5bkYm4ob4iWPjx0KiRe3sRFBNrVqbJkFaBm5vbbowy1mymoPNLRa52+oadOhJ+K49wsSeSjTA=="
    },
    "styled-jsx": {
      "version": "5.0.1",
      "resolved": "https://registry.npmjs.org/styled-jsx/-/styled-jsx-5.0.1.tgz",
      "integrity": "sha512-+PIZ/6Uk40mphiQJJI1202b+/dYeTVd9ZnMPR80pgiWbjIwvN2zIp4r9et0BgqBuShh48I0gttPlAXA7WVvBxw=="
    },
    "tiny-warning": {
      "version": "1.0.3",
      "resolved": "https://registry.npmjs.org/tiny-warning/-/tiny-warning-1.0.3.tgz",
      "integrity": "sha512-lBN9zLN/oAf68o3zNXYrdCt1kP8WsiGW8Oo2ka41b2IM5JL/S1CTyX1rW0mb/zSuJun0ZUrDxx4sqvYS2FWzPA=="
    },
    "uncontrollable": {
      "version": "7.2.1",
      "resolved": "https://registry.npmjs.org/uncontrollable/-/uncontrollable-7.2.1.tgz",
      "integrity": "sha512-svtcfoTADIB0nT9nltgjujTi7BzVmwjZClOmskKu/E8FW9BXzg9os8OLr4f8Dlnk0rYWJIWr4wv9eKUXiQvQwQ==",
      "requires": {
        "@babel/runtime": "^7.6.3",
        "@types/react": ">=16.9.11",
        "invariant": "^2.2.4",
        "react-lifecycles-compat": "^3.0.4"
      }
    },
    "use-subscription": {
      "version": "1.5.1",
      "resolved": "https://registry.npmjs.org/use-subscription/-/use-subscription-1.5.1.tgz",
      "integrity": "sha512-Xv2a1P/yReAjAbhylMfFplFKj9GssgTwN7RlcTxBujFQcloStWNDQdc4g4NRWH9xS4i/FDk04vQBptAXoF3VcA==",
      "requires": {
        "object-assign": "^4.1.1"
      }
    },
    "warning": {
      "version": "4.0.3",
      "resolved": "https://registry.npmjs.org/warning/-/warning-4.0.3.tgz",
      "integrity": "sha512-rpJyN222KWIvHJ/F53XSZv0Zl/accqHR8et1kpaMTD/fLCRxtV8iX8czMzY7sVZupTI3zcUTg8eycS2kNF9l6w==",
      "requires": {
        "loose-envify": "^1.0.0"
      }
    },
    "xtend": {
      "version": "4.0.2",
      "resolved": "https://registry.npmjs.org/xtend/-/xtend-4.0.2.tgz",
      "integrity": "sha512-LKYU1iAXJXUgAXn9URjiu+MWhyUXHsvfp7mcuYm9dSUKK0/CjtrUwFAxD82/mCWbtLsGjFIad0wIsod4zrTAEQ=="
    }
  }
}
